{
  "requires": true,
  "lockfileVersion": 1,
  "dependencies": {
    "@sweetalert2/theme-wordpress-admin": {
      "version": "5.0.7",
      "resolved": "https://registry.npmjs.org/@sweetalert2/theme-wordpress-admin/-/theme-wordpress-admin-5.0.7.tgz",
      "integrity": "sha512-LjTfUr3Z1gPfnchFOlCY+4hDfyk5BEVGsMYD4yq9Z++E+hh6xHLntt+S31orOMIZPgTyICHRP5JAB03O9oBNlw=="
    },
    "sweetalert2": {
      "version": "11.1.9",
      "resolved": "https://registry.npmjs.org/sweetalert2/-/sweetalert2-11.1.9.tgz",
      "integrity": "sha512-ox+BjtAbO8mJrbQH9TsNwMwLeTfV+ve33CVz/kKn5D/DhRiSqnw2rWL4HuBlh9Z4yqYlTD5viR5Z2K5D3avM7Q=="
    }
  }
}
